// !$*UTF8*$!
{
	archiveVersion = 1;
	classes = {
	};
	objectVersion = 56;
	objects = {

/* Begin PBXBuildFile section */
		7302DFC029CF3BAE00FC6937 /* ServiceListTableViewController.swift in Sources */ = {isa = PBXBuildFile; fileRef = 7302DFBF29CF3BAE00FC6937 /* ServiceListTableViewController.swift */; };
		7302DFC429CF3BF700FC6937 /* ServicesTableViewCell.swift in Sources */ = {isa = PBXBuildFile; fileRef = 7302DFC329CF3BF700FC6937 /* ServicesTableViewCell.swift */; };
		7302DFC629CF3C1D00FC6937 /* ServiceCell.swift in Sources */ = {isa = PBXBuildFile; fileRef = 7302DFC529CF3C1D00FC6937 /* ServiceCell.swift */; };
		7302DFC829CF4F9700FC6937 /* CreateApplicationViewController.swift in Sources */ = {isa = PBXBuildFile; fileRef = 7302DFC729CF4F9700FC6937 /* CreateApplicationViewController.swift */; };
		7302DFCA29CF700C00FC6937 /* PayViewController.swift in Sources */ = {isa = PBXBuildFile; fileRef = 7302DFC929CF700C00FC6937 /* PayViewController.swift */; };
		7319156429CED20400ABBDE6 /* UIResponder+Utils.swift in Sources */ = {isa = PBXBuildFile; fileRef = 7319156329CED20400ABBDE6 /* UIResponder+Utils.swift */; };
		7319156629CED25500ABBDE6 /* Validators.swift in Sources */ = {isa = PBXBuildFile; fileRef = 7319156529CED25500ABBDE6 /* Validators.swift */; };
		7319156929CED2CF00ABBDE6 /* UITextFieldExtensions.swift in Sources */ = {isa = PBXBuildFile; fileRef = 7319156829CED2CF00ABBDE6 /* UITextFieldExtensions.swift */; };
		7319157129CED8C500ABBDE6 /* ApplicationsViewController.swift.swift in Sources */ = {isa = PBXBuildFile; fileRef = 7319157029CED8C500ABBDE6 /* ApplicationsViewController.swift.swift */; };
		7319157629CEDA3500ABBDE6 /* SnapKit in Frameworks */ = {isa = PBXBuildFile; productRef = 7319157529CEDA3500ABBDE6 /* SnapKit */; };
		7319157A29CEDB6700ABBDE6 /* UIColorExtensions.swift in Sources */ = {isa = PBXBuildFile; fileRef = 7319157929CEDB6700ABBDE6 /* UIColorExtensions.swift */; };
		7319157C29CEDD5900ABBDE6 /* HomeTabBarController.swift in Sources */ = {isa = PBXBuildFile; fileRef = 7319157B29CEDD5900ABBDE6 /* HomeTabBarController.swift */; };
		7319157E29CEE08100ABBDE6 /* MainViewController.swift in Sources */ = {isa = PBXBuildFile; fileRef = 7319157D29CEE08100ABBDE6 /* MainViewController.swift */; };
		7319158029CEE10D00ABBDE6 /* FinancesViewController.swift in Sources */ = {isa = PBXBuildFile; fileRef = 7319157F29CEE10D00ABBDE6 /* FinancesViewController.swift */; };
		731C42C629CFB61F00180755 /* ApplicationNetworkServices.swift in Sources */ = {isa = PBXBuildFile; fileRef = 731C42C529CFB61F00180755 /* ApplicationNetworkServices.swift */; };
		731C42C929CFB85900180755 /* ApplicationModel.swift in Sources */ = {isa = PBXBuildFile; fileRef = 731C42C829CFB85900180755 /* ApplicationModel.swift */; };
		731C42CB29CFBD2200180755 /* ServiceModel.swift in Sources */ = {isa = PBXBuildFile; fileRef = 731C42CA29CFBD2200180755 /* ServiceModel.swift */; };
		7334725329CEAD1F00BA6430 /* Montserrat-Bold 700.ttf in Resources */ = {isa = PBXBuildFile; fileRef = 7334725029CEAD1F00BA6430 /* Montserrat-Bold 700.ttf */; };
		7334725429CEAD1F00BA6430 /* Montserrat-SemiBold 600.ttf in Resources */ = {isa = PBXBuildFile; fileRef = 7334725129CEAD1F00BA6430 /* Montserrat-SemiBold 600.ttf */; };
		7334725529CEAD1F00BA6430 /* Montserrat-Regular.ttf in Resources */ = {isa = PBXBuildFile; fileRef = 7334725229CEAD1F00BA6430 /* Montserrat-Regular.ttf */; };
		7355010F29CDCAB600A1675B /* AppDelegate.swift in Sources */ = {isa = PBXBuildFile; fileRef = 7355010E29CDCAB600A1675B /* AppDelegate.swift */; };
		7355011129CDCAB600A1675B /* SceneDelegate.swift in Sources */ = {isa = PBXBuildFile; fileRef = 7355011029CDCAB600A1675B /* SceneDelegate.swift */; };
		7355011629CDCAB600A1675B /* Main.storyboard in Resources */ = {isa = PBXBuildFile; fileRef = 7355011429CDCAB600A1675B /* Main.storyboard */; };
		7355011829CDCAB700A1675B /* Assets.xcassets in Resources */ = {isa = PBXBuildFile; fileRef = 7355011729CDCAB700A1675B /* Assets.xcassets */; };
		7355011B29CDCAB700A1675B /* LaunchScreen.storyboard in Resources */ = {isa = PBXBuildFile; fileRef = 7355011929CDCAB700A1675B /* LaunchScreen.storyboard */; };
		7355012529CDE9B100A1675B /* AuthService.swift in Sources */ = {isa = PBXBuildFile; fileRef = 7355012429CDE9B100A1675B /* AuthService.swift */; };
		7355012829CDEA4900A1675B /* Alamofire in Frameworks */ = {isa = PBXBuildFile; productRef = 7355012729CDEA4900A1675B /* Alamofire */; };
		7355012B29CDEA7F00A1675B /* KeychainSwift in Frameworks */ = {isa = PBXBuildFile; productRef = 7355012A29CDEA7F00A1675B /* KeychainSwift */; };
		7355012D29CDEB7C00A1675B /* LoginViewController.swift in Sources */ = {isa = PBXBuildFile; fileRef = 7355012C29CDEB7C00A1675B /* LoginViewController.swift */; };
		7355012F29CDEB8500A1675B /* RegisterViewController.swift in Sources */ = {isa = PBXBuildFile; fileRef = 7355012E29CDEB8500A1675B /* RegisterViewController.swift */; };
		738E26BF29CF07A10070A62A /* UIImageExtensions.swift in Sources */ = {isa = PBXBuildFile; fileRef = 738E26BE29CF07A10070A62A /* UIImageExtensions.swift */; };
		738E26C129CF13AD0070A62A /* ApplicationsTableViewCell.swift in Sources */ = {isa = PBXBuildFile; fileRef = 738E26C029CF13AD0070A62A /* ApplicationsTableViewCell.swift */; };
		738E26C529CF13E90070A62A /* ApplicationCell.swift in Sources */ = {isa = PBXBuildFile; fileRef = 738E26C429CF13E90070A62A /* ApplicationCell.swift */; };
		738E26C729CF27990070A62A /* Montserrat-Medium.ttf in Resources */ = {isa = PBXBuildFile; fileRef = 738E26C629CF27980070A62A /* Montserrat-Medium.ttf */; };
		738E26CA29CF32300070A62A /* ServicesListViewController.swift in Sources */ = {isa = PBXBuildFile; fileRef = 738E26C929CF32300070A62A /* ServicesListViewController.swift */; };
/* End PBXBuildFile section */

/* Begin PBXFileReference section */
		7302DFBF29CF3BAE00FC6937 /* ServiceListTableViewController.swift */ = {isa = PBXFileReference; lastKnownFileType = sourcecode.swift; path = ServiceListTableViewController.swift; sourceTree = "<group>"; };
		7302DFC329CF3BF700FC6937 /* ServicesTableViewCell.swift */ = {isa = PBXFileReference; lastKnownFileType = sourcecode.swift; path = ServicesTableViewCell.swift; sourceTree = "<group>"; };
		7302DFC529CF3C1D00FC6937 /* ServiceCell.swift */ = {isa = PBXFileReference; lastKnownFileType = sourcecode.swift; path = ServiceCell.swift; sourceTree = "<group>"; };
		7302DFC729CF4F9700FC6937 /* CreateApplicationViewController.swift */ = {isa = PBXFileReference; lastKnownFileType = sourcecode.swift; path = CreateApplicationViewController.swift; sourceTree = "<group>"; };
		7302DFC929CF700C00FC6937 /* PayViewController.swift */ = {isa = PBXFileReference; lastKnownFileType = sourcecode.swift; path = PayViewController.swift; sourceTree = "<group>"; };
		7319156329CED20400ABBDE6 /* UIResponder+Utils.swift */ = {isa = PBXFileReference; lastKnownFileType = sourcecode.swift; path = "UIResponder+Utils.swift"; sourceTree = "<group>"; };
		7319156529CED25500ABBDE6 /* Validators.swift */ = {isa = PBXFileReference; lastKnownFileType = sourcecode.swift; path = Validators.swift; sourceTree = "<group>"; };
		7319156829CED2CF00ABBDE6 /* UITextFieldExtensions.swift */ = {isa = PBXFileReference; lastKnownFileType = sourcecode.swift; path = UITextFieldExtensions.swift; sourceTree = "<group>"; };
		7319157029CED8C500ABBDE6 /* ApplicationsViewController.swift.swift */ = {isa = PBXFileReference; lastKnownFileType = sourcecode.swift; path = ApplicationsViewController.swift.swift; sourceTree = "<group>"; };
		7319157929CEDB6700ABBDE6 /* UIColorExtensions.swift */ = {isa = PBXFileReference; lastKnownFileType = sourcecode.swift; path = UIColorExtensions.swift; sourceTree = "<group>"; };
		7319157B29CEDD5900ABBDE6 /* HomeTabBarController.swift */ = {isa = PBXFileReference; lastKnownFileType = sourcecode.swift; path = HomeTabBarController.swift; sourceTree = "<group>"; };
		7319157D29CEE08100ABBDE6 /* MainViewController.swift */ = {isa = PBXFileReference; lastKnownFileType = sourcecode.swift; path = MainViewController.swift; sourceTree = "<group>"; };
		7319157F29CEE10D00ABBDE6 /* FinancesViewController.swift */ = {isa = PBXFileReference; lastKnownFileType = sourcecode.swift; path = FinancesViewController.swift; sourceTree = "<group>"; };
		731C42C529CFB61F00180755 /* ApplicationNetworkServices.swift */ = {isa = PBXFileReference; lastKnownFileType = sourcecode.swift; path = ApplicationNetworkServices.swift; sourceTree = "<group>"; };
		731C42C829CFB85900180755 /* ApplicationModel.swift */ = {isa = PBXFileReference; lastKnownFileType = sourcecode.swift; path = ApplicationModel.swift; sourceTree = "<group>"; };
		731C42CA29CFBD2200180755 /* ServiceModel.swift */ = {isa = PBXFileReference; lastKnownFileType = sourcecode.swift; path = ServiceModel.swift; sourceTree = "<group>"; };
		7334725029CEAD1F00BA6430 /* Montserrat-Bold 700.ttf */ = {isa = PBXFileReference; lastKnownFileType = file; path = "Montserrat-Bold 700.ttf"; sourceTree = "<group>"; };
		7334725129CEAD1F00BA6430 /* Montserrat-SemiBold 600.ttf */ = {isa = PBXFileReference; lastKnownFileType = file; path = "Montserrat-SemiBold 600.ttf"; sourceTree = "<group>"; };
		7334725229CEAD1F00BA6430 /* Montserrat-Regular.ttf */ = {isa = PBXFileReference; lastKnownFileType = file; path = "Montserrat-Regular.ttf"; sourceTree = "<group>"; };
		7355010B29CDCAB600A1675B /* devhack-iOS.app */ = {isa = PBXFileReference; explicitFileType = wrapper.application; includeInIndex = 0; path = "devhack-iOS.app"; sourceTree = BUILT_PRODUCTS_DIR; };
		7355010E29CDCAB600A1675B /* AppDelegate.swift */ = {isa = PBXFileReference; lastKnownFileType = sourcecode.swift; path = AppDelegate.swift; sourceTree = "<group>"; };
		7355011029CDCAB600A1675B /* SceneDelegate.swift */ = {isa = PBXFileReference; lastKnownFileType = sourcecode.swift; path = SceneDelegate.swift; sourceTree = "<group>"; };
		7355011529CDCAB600A1675B /* Base */ = {isa = PBXFileReference; lastKnownFileType = file.storyboard; name = Base; path = Base.lproj/Main.storyboard; sourceTree = "<group>"; };
		7355011729CDCAB700A1675B /* Assets.xcassets */ = {isa = PBXFileReference; lastKnownFileType = folder.assetcatalog; path = Assets.xcassets; sourceTree = "<group>"; };
		7355011A29CDCAB700A1675B /* Base */ = {isa = PBXFileReference; lastKnownFileType = file.storyboard; name = Base; path = Base.lproj/LaunchScreen.storyboard; sourceTree = "<group>"; };
		7355011C29CDCAB700A1675B /* Info.plist */ = {isa = PBXFileReference; lastKnownFileType = text.plist.xml; path = Info.plist; sourceTree = "<group>"; };
		7355012429CDE9B100A1675B /* AuthService.swift */ = {isa = PBXFileReference; lastKnownFileType = sourcecode.swift; path = AuthService.swift; sourceTree = "<group>"; };
		7355012C29CDEB7C00A1675B /* LoginViewController.swift */ = {isa = PBXFileReference; lastKnownFileType = sourcecode.swift; path = LoginViewController.swift; sourceTree = "<group>"; };
		7355012E29CDEB8500A1675B /* RegisterViewController.swift */ = {isa = PBXFileReference; lastKnownFileType = sourcecode.swift; path = RegisterViewController.swift; sourceTree = "<group>"; };
		7355013029CDED3300A1675B /* devhack-iOS.entitlements */ = {isa = PBXFileReference; lastKnownFileType = text.plist.entitlements; path = "devhack-iOS.entitlements"; sourceTree = "<group>"; };
		738E26BE29CF07A10070A62A /* UIImageExtensions.swift */ = {isa = PBXFileReference; lastKnownFileType = sourcecode.swift; path = UIImageExtensions.swift; sourceTree = "<group>"; };
		738E26C029CF13AD0070A62A /* ApplicationsTableViewCell.swift */ = {isa = PBXFileReference; lastKnownFileType = sourcecode.swift; path = ApplicationsTableViewCell.swift; sourceTree = "<group>"; };
		738E26C429CF13E90070A62A /* ApplicationCell.swift */ = {isa = PBXFileReference; lastKnownFileType = sourcecode.swift; path = ApplicationCell.swift; sourceTree = "<group>"; };
		738E26C629CF27980070A62A /* Montserrat-Medium.ttf */ = {isa = PBXFileReference; lastKnownFileType = file; path = "Montserrat-Medium.ttf"; sourceTree = "<group>"; };
		738E26C929CF32300070A62A /* ServicesListViewController.swift */ = {isa = PBXFileReference; lastKnownFileType = sourcecode.swift; path = ServicesListViewController.swift; sourceTree = "<group>"; };
/* End PBXFileReference section */

/* Begin PBXFrameworksBuildPhase section */
		7355010829CDCAB600A1675B /* Frameworks */ = {
			isa = PBXFrameworksBuildPhase;
			buildActionMask = 2147483647;
			files = (
				7319157629CEDA3500ABBDE6 /* SnapKit in Frameworks */,
				7355012B29CDEA7F00A1675B /* KeychainSwift in Frameworks */,
				7355012829CDEA4900A1675B /* Alamofire in Frameworks */,
			);
			runOnlyForDeploymentPostprocessing = 0;
		};
/* End PBXFrameworksBuildPhase section */

/* Begin PBXGroup section */
		7319156129CEC0F500ABBDE6 /* Auth */ = {
			isa = PBXGroup;
			children = (
				7355012C29CDEB7C00A1675B /* LoginViewController.swift */,
				7355012E29CDEB8500A1675B /* RegisterViewController.swift */,
			);
			path = Auth;
			sourceTree = "<group>";
		};
		7319156729CED2C100ABBDE6 /* Extensions */ = {
			isa = PBXGroup;
			children = (
				7319156329CED20400ABBDE6 /* UIResponder+Utils.swift */,
				7319156529CED25500ABBDE6 /* Validators.swift */,
				7319156829CED2CF00ABBDE6 /* UITextFieldExtensions.swift */,
				7319157929CEDB6700ABBDE6 /* UIColorExtensions.swift */,
				738E26BE29CF07A10070A62A /* UIImageExtensions.swift */,
			);
			path = Extensions;
			sourceTree = "<group>";
		};
		7319156C29CED7C100ABBDE6 /* Home */ = {
			isa = PBXGroup;
			children = (
				7319156F29CED7D500ABBDE6 /* Applications */,
				7319156E29CED7D100ABBDE6 /* Finances */,
				7319156D29CED7CC00ABBDE6 /* Main */,
				7319157B29CEDD5900ABBDE6 /* HomeTabBarController.swift */,
			);
			path = Home;
			sourceTree = "<group>";
		};
		7319156D29CED7CC00ABBDE6 /* Main */ = {
			isa = PBXGroup;
			children = (
				7319157D29CEE08100ABBDE6 /* MainViewController.swift */,
			);
			path = Main;
			sourceTree = "<group>";
		};
		7319156E29CED7D100ABBDE6 /* Finances */ = {
			isa = PBXGroup;
			children = (
				7319157F29CEE10D00ABBDE6 /* FinancesViewController.swift */,
			);
			path = Finances;
			sourceTree = "<group>";
		};
		7319156F29CED7D500ABBDE6 /* Applications */ = {
			isa = PBXGroup;
			children = (
				738E26C829CF32110070A62A /* ServicesList */,
				7319157029CED8C500ABBDE6 /* ApplicationsViewController.swift.swift */,
				738E26C029CF13AD0070A62A /* ApplicationsTableViewCell.swift */,
				738E26C429CF13E90070A62A /* ApplicationCell.swift */,
				7302DFC729CF4F9700FC6937 /* CreateApplicationViewController.swift */,
			);
			path = Applications;
			sourceTree = "<group>";
		};
		731C42C729CFB84C00180755 /* Models */ = {
			isa = PBXGroup;
			children = (
				731C42C829CFB85900180755 /* ApplicationModel.swift */,
				731C42CA29CFBD2200180755 /* ServiceModel.swift */,
			);
			path = Models;
			sourceTree = "<group>";
		};
		731C42D029D0581500180755 /* Services */ = {
			isa = PBXGroup;
			children = (
				7355012429CDE9B100A1675B /* AuthService.swift */,
				731C42C529CFB61F00180755 /* ApplicationNetworkServices.swift */,
			);
			path = Services;
			sourceTree = "<group>";
		};
		7334724F29CEACFE00BA6430 /* fonts */ = {
			isa = PBXGroup;
			children = (
				7334725029CEAD1F00BA6430 /* Montserrat-Bold 700.ttf */,
				738E26C629CF27980070A62A /* Montserrat-Medium.ttf */,
				7334725229CEAD1F00BA6430 /* Montserrat-Regular.ttf */,
				7334725129CEAD1F00BA6430 /* Montserrat-SemiBold 600.ttf */,
			);
			path = fonts;
			sourceTree = "<group>";
		};
		7355010229CDCAB600A1675B = {
			isa = PBXGroup;
			children = (
				7355010D29CDCAB600A1675B /* devhack-iOS */,
				7355010C29CDCAB600A1675B /* Products */,
			);
			sourceTree = "<group>";
		};
		7355010C29CDCAB600A1675B /* Products */ = {
			isa = PBXGroup;
			children = (
				7355010B29CDCAB600A1675B /* devhack-iOS.app */,
			);
			name = Products;
			sourceTree = "<group>";
		};
		7355010D29CDCAB600A1675B /* devhack-iOS */ = {
			isa = PBXGroup;
			children = (
				731C42D029D0581500180755 /* Services */,
				731C42C729CFB84C00180755 /* Models */,
				7319156C29CED7C100ABBDE6 /* Home */,
				7319156729CED2C100ABBDE6 /* Extensions */,
				7319156129CEC0F500ABBDE6 /* Auth */,
				7355012229CDCAE000A1675B /* App */,
				7334724F29CEACFE00BA6430 /* fonts */,
				7355011729CDCAB700A1675B /* Assets.xcassets */,
				7355011429CDCAB600A1675B /* Main.storyboard */,
				7355011929CDCAB700A1675B /* LaunchScreen.storyboard */,
				7355011C29CDCAB700A1675B /* Info.plist */,
				7355013029CDED3300A1675B /* devhack-iOS.entitlements */,
			);
			path = "devhack-iOS";
			sourceTree = "<group>";
		};
		7355012229CDCAE000A1675B /* App */ = {
			isa = PBXGroup;
			children = (
				7355010E29CDCAB600A1675B /* AppDelegate.swift */,
				7355011029CDCAB600A1675B /* SceneDelegate.swift */,
			);
			path = App;
			sourceTree = "<group>";
		};
		738E26C829CF32110070A62A /* ServicesList */ = {
			isa = PBXGroup;
			children = (
				738E26C929CF32300070A62A /* ServicesListViewController.swift */,
				7302DFBF29CF3BAE00FC6937 /* ServiceListTableViewController.swift */,
				7302DFC329CF3BF700FC6937 /* ServicesTableViewCell.swift */,
				7302DFC529CF3C1D00FC6937 /* ServiceCell.swift */,
				7302DFC929CF700C00FC6937 /* PayViewController.swift */,
			);
			path = ServicesList;
			sourceTree = "<group>";
		};
/* End PBXGroup section */

/* Begin PBXNativeTarget section */
		7355010A29CDCAB600A1675B /* devhack-iOS */ = {
			isa = PBXNativeTarget;
			buildConfigurationList = 7355011F29CDCAB700A1675B /* Build configuration list for PBXNativeTarget "devhack-iOS" */;
			buildPhases = (
				7355010729CDCAB600A1675B /* Sources */,
				7355010829CDCAB600A1675B /* Frameworks */,
				7355010929CDCAB600A1675B /* Resources */,
			);
			buildRules = (
			);
			dependencies = (
			);
			name = "devhack-iOS";
			packageProductDependencies = (
				7355012729CDEA4900A1675B /* Alamofire */,
				7355012A29CDEA7F00A1675B /* KeychainSwift */,
				7319157529CEDA3500ABBDE6 /* SnapKit */,
			);
			productName = "devhack-iOS";
			productReference = 7355010B29CDCAB600A1675B /* devhack-iOS.app */;
			productType = "com.apple.product-type.application";
		};
/* End PBXNativeTarget section */

/* Begin PBXProject section */
		7355010329CDCAB600A1675B /* Project object */ = {
			isa = PBXProject;
			attributes = {
				BuildIndependentTargetsInParallel = 1;
				LastSwiftUpdateCheck = 1420;
				LastUpgradeCheck = 1420;
				TargetAttributes = {
					7355010A29CDCAB600A1675B = {
						CreatedOnToolsVersion = 14.2;
					};
				};
			};
			buildConfigurationList = 7355010629CDCAB600A1675B /* Build configuration list for PBXProject "devhack-iOS" */;
			compatibilityVersion = "Xcode 14.0";
			developmentRegion = en;
			hasScannedForEncodings = 0;
			knownRegions = (
				en,
				Base,
			);
			mainGroup = 7355010229CDCAB600A1675B;
			packageReferences = (
				7355012629CDEA4900A1675B /* XCRemoteSwiftPackageReference "Alamofire" */,
				7355012929CDEA7F00A1675B /* XCRemoteSwiftPackageReference "keychain-swift" */,
				7319157429CEDA3500ABBDE6 /* XCRemoteSwiftPackageReference "SnapKit" */,
			);
			productRefGroup = 7355010C29CDCAB600A1675B /* Products */;
			projectDirPath = "";
			projectRoot = "";
			targets = (
				7355010A29CDCAB600A1675B /* devhack-iOS */,
			);
		};
/* End PBXProject section */

/* Begin PBXResourcesBuildPhase section */
		7355010929CDCAB600A1675B /* Resources */ = {
			isa = PBXResourcesBuildPhase;
			buildActionMask = 2147483647;
			files = (
				7334725529CEAD1F00BA6430 /* Montserrat-Regular.ttf in Resources */,
				7355011B29CDCAB700A1675B /* LaunchScreen.storyboard in Resources */,
				7334725429CEAD1F00BA6430 /* Montserrat-SemiBold 600.ttf in Resources */,
				738E26C729CF27990070A62A /* Montserrat-Medium.ttf in Resources */,
				7355011829CDCAB700A1675B /* Assets.xcassets in Resources */,
				7355011629CDCAB600A1675B /* Main.storyboard in Resources */,
				7334725329CEAD1F00BA6430 /* Montserrat-Bold 700.ttf in Resources */,
			);
			runOnlyForDeploymentPostprocessing = 0;
		};
/* End PBXResourcesBuildPhase section */

/* Begin PBXSourcesBuildPhase section */
		7355010729CDCAB600A1675B /* Sources */ = {
			isa = PBXSourcesBuildPhase;
			buildActionMask = 2147483647;
			files = (
				7319156429CED20400ABBDE6 /* UIResponder+Utils.swift in Sources */,
				7319157E29CEE08100ABBDE6 /* MainViewController.swift in Sources */,
				7319156629CED25500ABBDE6 /* Validators.swift in Sources */,
				7319157C29CEDD5900ABBDE6 /* HomeTabBarController.swift in Sources */,
				7355012D29CDEB7C00A1675B /* LoginViewController.swift in Sources */,
				7319158029CEE10D00ABBDE6 /* FinancesViewController.swift in Sources */,
				731C42C929CFB85900180755 /* ApplicationModel.swift in Sources */,
				7319157A29CEDB6700ABBDE6 /* UIColorExtensions.swift in Sources */,
				738E26C529CF13E90070A62A /* ApplicationCell.swift in Sources */,
				7355012F29CDEB8500A1675B /* RegisterViewController.swift in Sources */,
				7355010F29CDCAB600A1675B /* AppDelegate.swift in Sources */,
				738E26BF29CF07A10070A62A /* UIImageExtensions.swift in Sources */,
				738E26CA29CF32300070A62A /* ServicesListViewController.swift in Sources */,
				738E26C129CF13AD0070A62A /* ApplicationsTableViewCell.swift in Sources */,
				7319156929CED2CF00ABBDE6 /* UITextFieldExtensions.swift in Sources */,
				731C42CB29CFBD2200180755 /* ServiceModel.swift in Sources */,
				7319157129CED8C500ABBDE6 /* ApplicationsViewController.swift.swift in Sources */,
				7355011129CDCAB600A1675B /* SceneDelegate.swift in Sources */,
				7302DFC429CF3BF700FC6937 /* ServicesTableViewCell.swift in Sources */,
				7302DFC629CF3C1D00FC6937 /* ServiceCell.swift in Sources */,
				7355012529CDE9B100A1675B /* AuthService.swift in Sources */,
				731C42C629CFB61F00180755 /* ApplicationNetworkServices.swift in Sources */,
				7302DFCA29CF700C00FC6937 /* PayViewController.swift in Sources */,
				7302DFC029CF3BAE00FC6937 /* ServiceListTableViewController.swift in Sources */,
				7302DFC829CF4F9700FC6937 /* CreateApplicationViewController.swift in Sources */,
			);
			runOnlyForDeploymentPostprocessing = 0;
		};
/* End PBXSourcesBuildPhase section */

/* Begin PBXVariantGroup section */
		7355011429CDCAB600A1675B /* Main.storyboard */ = {
			isa = PBXVariantGroup;
			children = (
				7355011529CDCAB600A1675B /* Base */,
			);
			name = Main.storyboard;
			sourceTree = "<group>";
		};
		7355011929CDCAB700A1675B /* LaunchScreen.storyboard */ = {
			isa = PBXVariantGroup;
			children = (
				7355011A29CDCAB700A1675B /* Base */,
			);
			name = LaunchScreen.storyboard;
			sourceTree = "<group>";
		};
/* End PBXVariantGroup section */

/* Begin XCBuildConfiguration section */
		7355011D29CDCAB700A1675B /* Debug */ = {
			isa = XCBuildConfiguration;
			buildSettings = {
				ALWAYS_SEARCH_USER_PATHS = NO;
				CLANG_ANALYZER_NONNULL = YES;
				CLANG_ANALYZER_NUMBER_OBJECT_CONVERSION = YES_AGGRESSIVE;
				CLANG_CXX_LANGUAGE_STANDARD = "gnu++20";
				CLANG_ENABLE_MODULES = YES;
				CLANG_ENABLE_OBJC_ARC = YES;
				CLANG_ENABLE_OBJC_WEAK = YES;
				CLANG_WARN_BLOCK_CAPTURE_AUTORELEASING = YES;
				CLANG_WARN_BOOL_CONVERSION = YES;
				CLANG_WARN_COMMA = YES;
				CLANG_WARN_CONSTANT_CONVERSION = YES;
				CLANG_WARN_DEPRECATED_OBJC_IMPLEMENTATIONS = YES;
				CLANG_WARN_DIRECT_OBJC_ISA_USAGE = YES_ERROR;
				CLANG_WARN_DOCUMENTATION_COMMENTS = YES;
				CLANG_WARN_EMPTY_BODY = YES;
				CLANG_WARN_ENUM_CONVERSION = YES;
				CLANG_WARN_INFINITE_RECURSION = YES;
				CLANG_WARN_INT_CONVERSION = YES;
				CLANG_WARN_NON_LITERAL_NULL_CONVERSION = YES;
				CLANG_WARN_OBJC_IMPLICIT_RETAIN_SELF = YES;
				CLANG_WARN_OBJC_LITERAL_CONVERSION = YES;
				CLANG_WARN_OBJC_ROOT_CLASS = YES_ERROR;
				CLANG_WARN_QUOTED_INCLUDE_IN_FRAMEWORK_HEADER = YES;
				CLANG_WARN_RANGE_LOOP_ANALYSIS = YES;
				CLANG_WARN_STRICT_PROTOTYPES = YES;
				CLANG_WARN_SUSPICIOUS_MOVE = YES;
				CLANG_WARN_UNGUARDED_AVAILABILITY = YES_AGGRESSIVE;
				CLANG_WARN_UNREACHABLE_CODE = YES;
				CLANG_WARN__DUPLICATE_METHOD_MATCH = YES;
				COPY_PHASE_STRIP = NO;
				DEBUG_INFORMATION_FORMAT = dwarf;
				ENABLE_STRICT_OBJC_MSGSEND = YES;
				ENABLE_TESTABILITY = YES;
				GCC_C_LANGUAGE_STANDARD = gnu11;
				GCC_DYNAMIC_NO_PIC = NO;
				GCC_NO_COMMON_BLOCKS = YES;
				GCC_OPTIMIZATION_LEVEL = 0;
				GCC_PREPROCESSOR_DEFINITIONS = (
					"DEBUG=1",
					"$(inherited)",
				);
				GCC_WARN_64_TO_32_BIT_CONVERSION = YES;
				GCC_WARN_ABOUT_RETURN_TYPE = YES_ERROR;
				GCC_WARN_UNDECLARED_SELECTOR = YES;
				GCC_WARN_UNINITIALIZED_AUTOS = YES_AGGRESSIVE;
				GCC_WARN_UNUSED_FUNCTION = YES;
				GCC_WARN_UNUSED_VARIABLE = YES;
				IPHONEOS_DEPLOYMENT_TARGET = 13.0;
				MTL_ENABLE_DEBUG_INFO = INCLUDE_SOURCE;
				MTL_FAST_MATH = YES;
				ONLY_ACTIVE_ARCH = YES;
				SDKROOT = iphoneos;
				SWIFT_ACTIVE_COMPILATION_CONDITIONS = DEBUG;
				SWIFT_OPTIMIZATION_LEVEL = "-Onone";
			};
			name = Debug;
		};
		7355011E29CDCAB700A1675B /* Release */ = {
			isa = XCBuildConfiguration;
			buildSettings = {
				ALWAYS_SEARCH_USER_PATHS = NO;
				CLANG_ANALYZER_NONNULL = YES;
				CLANG_ANALYZER_NUMBER_OBJECT_CONVERSION = YES_AGGRESSIVE;
				CLANG_CXX_LANGUAGE_STANDARD = "gnu++20";
				CLANG_ENABLE_MODULES = YES;
				CLANG_ENABLE_OBJC_ARC = YES;
				CLANG_ENABLE_OBJC_WEAK = YES;
				CLANG_WARN_BLOCK_CAPTURE_AUTORELEASING = YES;
				CLANG_WARN_BOOL_CONVERSION = YES;
				CLANG_WARN_COMMA = YES;
				CLANG_WARN_CONSTANT_CONVERSION = YES;
				CLANG_WARN_DEPRECATED_OBJC_IMPLEMENTATIONS = YES;
				CLANG_WARN_DIRECT_OBJC_ISA_USAGE = YES_ERROR;
				CLANG_WARN_DOCUMENTATION_COMMENTS = YES;
				CLANG_WARN_EMPTY_BODY = YES;
				CLANG_WARN_ENUM_CONVERSION = YES;
				CLANG_WARN_INFINITE_RECURSION = YES;
				CLANG_WARN_INT_CONVERSION = YES;
				CLANG_WARN_NON_LITERAL_NULL_CONVERSION = YES;
				CLANG_WARN_OBJC_IMPLICIT_RETAIN_SELF = YES;
				CLANG_WARN_OBJC_LITERAL_CONVERSION = YES;
				CLANG_WARN_OBJC_ROOT_CLASS = YES_ERROR;
				CLANG_WARN_QUOTED_INCLUDE_IN_FRAMEWORK_HEADER = YES;
				CLANG_WARN_RANGE_LOOP_ANALYSIS = YES;
				CLANG_WARN_STRICT_PROTOTYPES = YES;
				CLANG_WARN_SUSPICIOUS_MOVE = YES;
				CLANG_WARN_UNGUARDED_AVAILABILITY = YES_AGGRESSIVE;
				CLANG_WARN_UNREACHABLE_CODE = YES;
				CLANG_WARN__DUPLICATE_METHOD_MATCH = YES;
				COPY_PHASE_STRIP = NO;
				DEBUG_INFORMATION_FORMAT = "dwarf-with-dsym";
				ENABLE_NS_ASSERTIONS = NO;
				ENABLE_STRICT_OBJC_MSGSEND = YES;
				GCC_C_LANGUAGE_STANDARD = gnu11;
				GCC_NO_COMMON_BLOCKS = YES;
				GCC_WARN_64_TO_32_BIT_CONVERSION = YES;
				GCC_WARN_ABOUT_RETURN_TYPE = YES_ERROR;
				GCC_WARN_UNDECLARED_SELECTOR = YES;
				GCC_WARN_UNINITIALIZED_AUTOS = YES_AGGRESSIVE;
				GCC_WARN_UNUSED_FUNCTION = YES;
				GCC_WARN_UNUSED_VARIABLE = YES;
				IPHONEOS_DEPLOYMENT_TARGET = 13.0;
				MTL_ENABLE_DEBUG_INFO = NO;
				MTL_FAST_MATH = YES;
				SDKROOT = iphoneos;
				SWIFT_COMPILATION_MODE = wholemodule;
				SWIFT_OPTIMIZATION_LEVEL = "-O";
				VALIDATE_PRODUCT = YES;
			};
			name = Release;
		};
		7355012029CDCAB700A1675B /* Debug */ = {
			isa = XCBuildConfiguration;
			buildSettings = {
				ASSETCATALOG_COMPILER_APPICON_NAME = AppIcon;
				ASSETCATALOG_COMPILER_GLOBAL_ACCENT_COLOR_NAME = AccentColor;
				CODE_SIGN_ENTITLEMENTS = "devhack-iOS/devhack-iOS.entitlements";
				CODE_SIGN_STYLE = Automatic;
				CURRENT_PROJECT_VERSION = 1;
				DEVELOPMENT_TEAM = 79H38YZB98;
				GENERATE_INFOPLIST_FILE = YES;
				INFOPLIST_FILE = "devhack-iOS/Info.plist";
				INFOPLIST_KEY_CFBundleDisplayName = Ourapart;
				INFOPLIST_KEY_UIApplicationSupportsIndirectInputEvents = YES;
				INFOPLIST_KEY_UILaunchStoryboardName = LaunchScreen;
				INFOPLIST_KEY_UIMainStoryboardFile = Main;
				INFOPLIST_KEY_UISupportedInterfaceOrientations_iPad = "UIInterfaceOrientationPortrait UIInterfaceOrientationPortraitUpsideDown UIInterfaceOrientationLandscapeLeft UIInterfaceOrientationLandscapeRight";
				INFOPLIST_KEY_UISupportedInterfaceOrientations_iPhone = "UIInterfaceOrientationPortrait UIInterfaceOrientationLandscapeLeft UIInterfaceOrientationLandscapeRight";
				IPHONEOS_DEPLOYMENT_TARGET = 13.0;
				LD_RUNPATH_SEARCH_PATHS = (
					"$(inherited)",
					"@executable_path/Frameworks",
				);
				MARKETING_VERSION = 1.0;
				PRODUCT_BUNDLE_IDENTIFIER = "kz.devhack.iOS-App";
				PRODUCT_NAME = "$(TARGET_NAME)";
				SWIFT_EMIT_LOC_STRINGS = YES;
				SWIFT_VERSION = 5.0;
				TARGETED_DEVICE_FAMILY = "1,2";
			};
			name = Debug;
		};
		7355012129CDCAB700A1675B /* Release */ = {
			isa = XCBuildConfiguration;
			buildSettings = {
				ASSETCATALOG_COMPILER_APPICON_NAME = AppIcon;
				ASSETCATALOG_COMPILER_GLOBAL_ACCENT_COLOR_NAME = AccentColor;
				CODE_SIGN_ENTITLEMENTS = "devhack-iOS/devhack-iOS.entitlements";
				CODE_SIGN_STYLE = Automatic;
				CURRENT_PROJECT_VERSION = 1;
				DEVELOPMENT_TEAM = 79H38YZB98;
				GENERATE_INFOPLIST_FILE = YES;
				INFOPLIST_FILE = "devhack-iOS/Info.plist";
				INFOPLIST_KEY_CFBundleDisplayName = Ourapart;
				INFOPLIST_KEY_UIApplicationSupportsIndirectInputEvents = YES;
				INFOPLIST_KEY_UILaunchStoryboardName = LaunchScreen;
				INFOPLIST_KEY_UIMainStoryboardFile = Main;
				INFOPLIST_KEY_UISupportedInterfaceOrientations_iPad = "UIInterfaceOrientationPortrait UIInterfaceOrientationPortraitUpsideDown UIInterfaceOrientationLandscapeLeft UIInterfaceOrientationLandscapeRight";
				INFOPLIST_KEY_UISupportedInterfaceOrientations_iPhone = "UIInterfaceOrientationPortrait UIInterfaceOrientationLandscapeLeft UIInterfaceOrientationLandscapeRight";
				IPHONEOS_DEPLOYMENT_TARGET = 13.0;
				LD_RUNPATH_SEARCH_PATHS = (
					"$(inherited)",
					"@executable_path/Frameworks",
				);
				MARKETING_VERSION = 1.0;
				PRODUCT_BUNDLE_IDENTIFIER = "kz.devhack.iOS-App";
				PRODUCT_NAME = "$(TARGET_NAME)";
				SWIFT_EMIT_LOC_STRINGS = YES;
				SWIFT_VERSION = 5.0;
				TARGETED_DEVICE_FAMILY = "1,2";
			};
			name = Release;
		};
/* End XCBuildConfiguration section */

/* Begin XCConfigurationList section */
		7355010629CDCAB600A1675B /* Build configuration list for PBXProject "devhack-iOS" */ = {
			isa = XCConfigurationList;
			buildConfigurations = (
				7355011D29CDCAB700A1675B /* Debug */,
				7355011E29CDCAB700A1675B /* Release */,
			);
			defaultConfigurationIsVisible = 0;
			defaultConfigurationName = Release;
		};
		7355011F29CDCAB700A1675B /* Build configuration list for PBXNativeTarget "devhack-iOS" */ = {
			isa = XCConfigurationList;
			buildConfigurations = (
				7355012029CDCAB700A1675B /* Debug */,
				7355012129CDCAB700A1675B /* Release */,
			);
			defaultConfigurationIsVisible = 0;
			defaultConfigurationName = Release;
		};
/* End XCConfigurationList section */

/* Begin XCRemoteSwiftPackageReference section */
		7319157429CEDA3500ABBDE6 /* XCRemoteSwiftPackageReference "SnapKit" */ = {
			isa = XCRemoteSwiftPackageReference;
			repositoryURL = "https://github.com/SnapKit/SnapKit";
			requirement = {
				branch = develop;
				kind = branch;
			};
		};
		7355012629CDEA4900A1675B /* XCRemoteSwiftPackageReference "Alamofire" */ = {
			isa = XCRemoteSwiftPackageReference;
			repositoryURL = "https://github.com/Alamofire/Alamofire.git";
			requirement = {
				kind = upToNextMajorVersion;
				minimumVersion = 5.0.0;
			};
		};
		7355012929CDEA7F00A1675B /* XCRemoteSwiftPackageReference "keychain-swift" */ = {
			isa = XCRemoteSwiftPackageReference;
			repositoryURL = "https://github.com/evgenyneu/keychain-swift";
			requirement = {
				branch = master;
				kind = branch;
			};
		};
/* End XCRemoteSwiftPackageReference section */

/* Begin XCSwiftPackageProductDependency section */
		7319157529CEDA3500ABBDE6 /* SnapKit */ = {
			isa = XCSwiftPackageProductDependency;
			package = 7319157429CEDA3500ABBDE6 /* XCRemoteSwiftPackageReference "SnapKit" */;
			productName = SnapKit;
		};
		7355012729CDEA4900A1675B /* Alamofire */ = {
			isa = XCSwiftPackageProductDependency;
			package = 7355012629CDEA4900A1675B /* XCRemoteSwiftPackageReference "Alamofire" */;
			productName = Alamofire;
		};
		7355012A29CDEA7F00A1675B /* KeychainSwift */ = {
			isa = XCSwiftPackageProductDependency;
			package = 7355012929CDEA7F00A1675B /* XCRemoteSwiftPackageReference "keychain-swift" */;
			productName = KeychainSwift;
		};
/* End XCSwiftPackageProductDependency section */
	};
	rootObject = 7355010329CDCAB600A1675B /* Project object */;
}
